7zip 26.00-1
apparmor 4.1.6-2
arch-wiki-docs-zh-cn 20260301-1
archlinuxcn-keyring 20250531-1
asymptote 3.09-1
baidunetdisk-bin 4.17.7-1
base 3-3
base-devel 1-2
brightnessctl 0.5.1-3
btop 1.4.6-1
bypy-git 1:1.8.9.r0.gd5a0a75-2
cava 0.10.7-1
cliphist 1:0.7.0-2
cups 2:2.4.16-2
ddcutil 2.2.5-2
docker 1:29.3.0-1
efibootmgr 18-3
evremap-git r51.cc618e8-1
fastfetch 2.59.0-1
fcitx5 5.1.17-1
fcitx5-gtk 5.1.5-1
fcitx5-qt 5.1.12-2
fcitx5-rime 5.1.12-1
ffmpeg 2:8.0.1-7
firefox 148.0-1
firewalld 2.4.0-6
fish 4.5.0-2
freedownloadmanager 6.29.1.6392-1
fwupd 2.0.20-1
fzf 0.70.0-1
geogebra-6-bin 6.0.804.0-1
ghostty 1.2.3-3
ghostty-shell-integration 1.2.3-3
ghostty-terminfo 1.2.3-3
gimp 3.0.8-2
git 2.53.0-1
github-cli 2.87.3-1
grub 2:2.14-1
gtk-theme-elementary 8.2.2-2
helix 25.07.1-1
heroic-games-launcher-bin 3:2.20.1-1
hplip 1:3.25.8-5
htop 3.4.1-1
hula-bin 3.0.9-1
icoutils 0.32.3-3
intel-ucode 20260227-1
inter-font 4.1-1
jq 1.8.1-1
jre-openjdk 25.0.2.u10-1
kitty 0.45.0-4
lib32-nvidia-580xx-utils 580.126.18-1
libreoffice-fresh 26.2.1-1
libxnvctrl-580xx 580.126.18-1
linux-firmware 20260221-1
linux-zen 6.19.6.zen1-1
linux-zen-headers 6.19.6.zen1-1
linuxqq-nt-bwrap 3.2.25_260205-1
localsend-bin 1.17.0-1
lsfg-vk 1.0.0-1
lua-language-server 3.17.1-1
lynx 2.9.2-2
mako 1.10.0-1
man-db 2.13.1-1
matugen 3.1.0-1
mirro-rs 0.2.3-1
mono-addins 1.3.3-5
nano 8.7.1-1
neovim 0.11.6-1
net-tools 2.10-3
netease-cloud-music-gtk4 2.5.2-1
networkmanager 1.56.0-1
niri 25.11-1
noctalia-shell 4.6.4-1
noto-fonts 1:2026.03.01-1
noto-fonts-cjk 20240730-1
noto-fonts-emoji 1:2.051-1
ntfs-3g 2022.10.3-2
nvidia-580xx-dkms 580.126.18-2
nvidia-580xx-settings 580.126.18-1
nvidia-prime 1.0-5
openbsd-netcat 1.234_1-1
openssh 10.2p1-2
pavucontrol 1:6.2-1
pipewire-pulse 1:1.6.0-2
plocate 1.1.24-1
power-profiles-daemon 0.30-1
pv 1.10.3-1
python-matplotlib 3.10.8-5
python-pip 26.0.1-1
python-pyqt5 5.15.11-5
rar 7.20-1
rime-luna-pinyin 0.0.0.20250126-1
ripgrep 15.1.0-2
rust-analyzer 20260302-1
rustup 1.28.2-5
smartmontools 7.5-1
spirv-cross 1.4.341.0-1
steam 1.0.0.85-5
stow 2.4.1-1
sudo 1.9.17.p2-2
sway-launcher-desktop-git r165.f19bbb8-1
swaybg 1.2.2-1
swayidle 1.9.0-1
swaylock 1.8.4-1
system-config-printer 1.5.18-6
terminus-font 4.49.1-8
texlive-basic 2026.0-3
texlive-binextra 2026.0-3
texlive-doc 2026.0-3
texlive-fontsextra 2026.0-3
texlive-fontsrecommended 2026.0-3
texlive-fontutils 2026.0-3
texlive-formatsextra 2026.0-3
texlive-langchinese 2026.0-3
texlive-langcjk 2026.0-3
texlive-latex 2026.0-3
texlive-latexextra 2026.0-3
texlive-latexrecommended 2026.0-3
texlive-mathscience 2026.0-3
texlive-pictures 2026.0-3
texlive-xetex 2026.0-3
thunderbird 148.0-4
tree-sitter-cli 0.25.10-3
ttf-firacode-nerd 3.4.0-2
ttf-liberation 2.1.5-2
ttf-roboto 3.015-1
udiskie 2.6.1-1
unzip 6.0-23
vulkan-tools 1.4.341.0-2
waybar 0.15.0-2
wechat-universal-bwrap 4.1.0.16-1
win2xcur 0.2.0-2
wine 11.3-1
wine-mono 11.0.0-1
wlsunset 0.4.0-1
xdg-desktop-portal-gnome 49.0-1
xdg-desktop-portal-termfilechooser-hunkyburrito-git v1.3.0.r11.ga1f5c8a-1
xdg-user-dirs 0.19-2
xmake 3.0.7-1
xmcl-launcher 0.54.4-1
xsettingsd 1.0.2-3
xwayland-satellite 0.8.1-1
yay-bin 12.5.7-1
yazi 26.1.22-2
zathura 2026.02.22-1
zathura-pdf-mupdf 2026.02.03-5
zip 3.0-11
